
Microsoft Visual Studio Solution File, Format Version 12.00
# Visual Studio Version 16
VisualStudioVersion = 16.0.31702.278
MinimumVisualStudioVersion = 10.0.40219.1
Project("{9A19103F-16F7-4668-BE54-9A1E7A4F7556}") = "StudentAdmissionManagement", "StudentAdmissionManagement\StudentAdmissionManagement.csproj", "{4DE91B08-B59C-4582-9C43-5F9AB819A4C6}"
EndProject
Project("{9A19103F-16F7-4668-BE54-9A1E7A4F7556}") = "StudentAttendanceManagement", "StudentAttendanceManagement\StudentAttendanceManagement.csproj", "{3F212E0B-449B-4065-B88C-2A9394CB533C}"
EndProject
Project("{9A19103F-16F7-4668-BE54-9A1E7A4F7556}") = "SchoolAPIGateway", "SchoolAPIGateway\SchoolAPIGateway.csproj", "{BD572883-78BB-4FFD-8133-CB72FC6C4BE8}"
EndProject
Global
	GlobalSection(SolutionConfigurationPlatforms) = preSolution
		Debug|Any CPU = Debug|Any CPU
		Release|Any CPU = Release|Any CPU
	EndGlobalSection
	GlobalSection(ProjectConfigurationPlatforms) = postSolution
		{4DE91B08-B59C-4582-9C43-5F9AB819A4C6}.Debug|Any CPU.ActiveCfg = Debug|Any CPU
		{4DE91B08-B59C-4582-9C43-5F9AB819A4C6}.Debug|Any CPU.Build.0 = Debug|Any CPU
		{4DE91B08-B59C-4582-9C43-5F9AB819A4C6}.Release|Any CPU.ActiveCfg = Release|Any CPU
		{4DE91B08-B59C-4582-9C43-5F9AB819A4C6}.Release|Any CPU.Build.0 = Release|Any CPU
		{3F212E0B-449B-4065-B88C-2A9394CB533C}.Debug|Any CPU.ActiveCfg = Debug|Any CPU
		{3F212E0B-449B-4065-B88C-2A9394CB533C}.Debug|Any CPU.Build.0 = Debug|Any CPU
		{3F212E0B-449B-4065-B88C-2A9394CB533C}.Release|Any CPU.ActiveCfg = Release|Any CPU
		{3F212E0B-449B-4065-B88C-2A9394CB533C}.Release|Any CPU.Build.0 = Release|Any CPU
		{BD572883-78BB-4FFD-8133-CB72FC6C4BE8}.Debug|Any CPU.ActiveCfg = Debug|Any CPU
		{BD572883-78BB-4FFD-8133-CB72FC6C4BE8}.Debug|Any CPU.Build.0 = Debug|Any CPU
		{BD572883-78BB-4FFD-8133-CB72FC6C4BE8}.Release|Any CPU.ActiveCfg = Release|Any CPU
		{BD572883-78BB-4FFD-8133-CB72FC6C4BE8}.Release|Any CPU.Build.0 = Release|Any CPU
	EndGlobalSection
	GlobalSection(SolutionProperties) = preSolution
		HideSolutionNode = FALSE
	EndGlobalSection
	GlobalSection(ExtensibilityGlobals) = postSolution
		SolutionGuid = {19DDEF43-166C-4610-84D9-0FC1CBA9464C}
	EndGlobalSection
EndGlobal
