
Microsoft Visual Studio Solution File, Format Version 12.00
# Visual Studio Version 16
VisualStudioVersion = 16.0.31702.278
MinimumVisualStudioVersion = 10.0.40219.1
Project("{FAE04EC0-301F-11D3-BF4B-00C04F79EFBC}") = "WebApiMySQLDB", "WebApiMySQLDB\WebApiMySQLDB.csproj", "{8CFF2C15-5085-44F7-88B1-2D4A6AB1A1F5}"
EndProject
Global
	GlobalSection(SolutionConfigurationPlatforms) = preSolution
		Debug|Any CPU = Debug|Any CPU
		Release|Any CPU = Release|Any CPU
	EndGlobalSection
	GlobalSection(ProjectConfigurationPlatforms) = postSolution
		{8CFF2C15-5085-44F7-88B1-2D4A6AB1A1F5}.Debug|Any CPU.ActiveCfg = Debug|Any CPU
		{8CFF2C15-5085-44F7-88B1-2D4A6AB1A1F5}.Debug|Any CPU.Build.0 = Debug|Any CPU
		{8CFF2C15-5085-44F7-88B1-2D4A6AB1A1F5}.Release|Any CPU.ActiveCfg = Release|Any CPU
		{8CFF2C15-5085-44F7-88B1-2D4A6AB1A1F5}.Release|Any CPU.Build.0 = Release|Any CPU
	EndGlobalSection
	GlobalSection(SolutionProperties) = preSolution
		HideSolutionNode = FALSE
	EndGlobalSection
	GlobalSection(ExtensibilityGlobals) = postSolution
		SolutionGuid = {7552A31C-A499-4C08-BCDB-B3F818B13AE1}
	EndGlobalSection
EndGlobal
